
Microsoft Visual Studio Solution File, Format Version 12.00
# Visual Studio Version 17
VisualStudioVersion = 17.14.37216.2
MinimumVisualStudioVersion = 10.0.40219.1
Project("{FAE04EC0-301F-11D3-BF4B-00C04F79EFBC}") = "12i_repo", "12i_repo\12i_repo.csproj", "{A3056BC0-70E0-4120-AB0A-859330B0199B}"
EndProject
Global
	GlobalSection(SolutionConfigurationPlatforms) = preSolution
		Debug|Any CPU = Debug|Any CPU
		Release|Any CPU = Release|Any CPU
	EndGlobalSection
	GlobalSection(ProjectConfigurationPlatforms) = postSolution
		{A3056BC0-70E0-4120-AB0A-859330B0199B}.Debug|Any CPU.ActiveCfg = Debug|Any CPU
		{A3056BC0-70E0-4120-AB0A-859330B0199B}.Debug|Any CPU.Build.0 = Debug|Any CPU
		{A3056BC0-70E0-4120-AB0A-859330B0199B}.Release|Any CPU.ActiveCfg = Release|Any CPU
		{A3056BC0-70E0-4120-AB0A-859330B0199B}.Release|Any CPU.Build.0 = Release|Any CPU
	EndGlobalSection
	GlobalSection(SolutionProperties) = preSolution
		HideSolutionNode = FALSE
	EndGlobalSection
	GlobalSection(ExtensibilityGlobals) = postSolution
		SolutionGuid = {8673BEF3-C545-49CB-9114-EB2DA92A182A}
	EndGlobalSection
EndGlobal
